{
  "name": "@dotrino/profile",
  "version": "0.17.0",
  "lockfileVersion": 3,
  "requires": true,
  "packages": {
    "": {
      "name": "@dotrino/profile",
      "version": "0.17.0",
      "license": "MIT",
      "devDependencies": {
        "typescript": "5.9.3"
      },
      "peerDependencies": {
        "@dotrino/identity": ">=0.33.0"
      }
    },
    "node_modules/@dotrino/identity": {
      "version": "0.49.0",
      "resolved": "https://registry.npmjs.org/@dotrino/identity/-/identity-0.49.0.tgz",
      "integrity": "sha512-dsCQptOCwjjRnMRD9xyV2qHEhdFWNwB3QZZa7p5e0pBA1lK5IM97XdnQZZo0af5Wl9ZfRspxjvQTY8p7BBOttg==",
      "license": "MIT",
      "peer": true,
      "dependencies": {
        "@dotrino/proxy-client": "0.10.0"
      }
    },
    "node_modules/@dotrino/proxy-client": {
      "version": "0.10.0",
      "resolved": "https://registry.npmjs.org/@dotrino/proxy-client/-/proxy-client-0.10.0.tgz",
      "integrity": "sha512-qnm7OsSWd1mcye2V5F5PmoO+F7kxYBvfPMK1Ad9dnN0s4YNVEsBe8oz/UIdElezCd2r53hF1FGL9MTK64a+fhQ==",
      "license": "MIT",
      "peer": true
    },
    "node_modules/typescript": {
      "version": "5.9.3",
      "resolved": "https://registry.npmjs.org/typescript/-/typescript-5.9.3.tgz",
      "integrity": "sha512-jl1vZzPDinLr9eUt3J/t7V6FgNEw9QjvBPdysz9KfQDD41fQrC2Y4vKQdiaUpFT4bXlb1RHhLpp8wtm6M5TgSw==",
      "dev": true,
      "license": "Apache-2.0",
      "bin": {
        "tsc": "bin/tsc",
        "tsserver": "bin/tsserver"
      },
      "engines": {
        "node": ">=14.17"
      }
    }
  }
}
